
Microsoft Visual Studio Solution File, Format Version 12.00
# Visual Studio Version 17
VisualStudioVersion = 17.3.32901.215
MinimumVisualStudioVersion = 10.0.40219.1
Project("{9A19103F-16F7-4668-BE54-9A1E7A4F7556}") = "Conduit.API", "Conduit.API\Conduit.API.csproj", "{8FA75F49-CC27-419D-A095-7EE30A6DDDA7}"
EndProject
Project("{9A19103F-16F7-4668-BE54-9A1E7A4F7556}") = "Conduit.Domain", "Conduit.Domain\Conduit.Domain.csproj", "{90AC0F9C-9FB6-46FF-A5F0-674BCCC69343}"
EndProject
Project("{9A19103F-16F7-4668-BE54-9A1E7A4F7556}") = "Conduit.Application", "Conduit.Application\Conduit.Application.csproj", "{FB46824C-9C35-4F14-94A9-3F61EF865BFE}"
EndProject
Project("{2150E333-8FDC-42A3-9474-1A3956D46DE8}") = "Solution Items", "Solution Items", "{A996E355-688E-4DD7-8809-525840E61731}"
	ProjectSection(SolutionItems) = preProject
		.editorconfig = .editorconfig
	EndProjectSection
EndProject
Project("{FAE04EC0-301F-11D3-BF4B-00C04F79EFBC}") = "Conduit.Infrastructure", "Conduit.Infrastructure\Conduit.Infrastructure.csproj", "{01BB7576-3308-41D9-9DC9-520002F31534}"
EndProject
Global
	GlobalSection(SolutionConfigurationPlatforms) = preSolution
		Debug|Any CPU = Debug|Any CPU
		Release|Any CPU = Release|Any CPU
	EndGlobalSection
	GlobalSection(ProjectConfigurationPlatforms) = postSolution
		{8FA75F49-CC27-419D-A095-7EE30A6DDDA7}.Debug|Any CPU.ActiveCfg = Debug|Any CPU
		{8FA75F49-CC27-419D-A095-7EE30A6DDDA7}.Debug|Any CPU.Build.0 = Debug|Any CPU
		{8FA75F49-CC27-419D-A095-7EE30A6DDDA7}.Release|Any CPU.ActiveCfg = Release|Any CPU
		{8FA75F49-CC27-419D-A095-7EE30A6DDDA7}.Release|Any CPU.Build.0 = Release|Any CPU
		{90AC0F9C-9FB6-46FF-A5F0-674BCCC69343}.Debug|Any CPU.ActiveCfg = Debug|Any CPU
		{90AC0F9C-9FB6-46FF-A5F0-674BCCC69343}.Debug|Any CPU.Build.0 = Debug|Any CPU
		{90AC0F9C-9FB6-46FF-A5F0-674BCCC69343}.Release|Any CPU.ActiveCfg = Release|Any CPU
		{90AC0F9C-9FB6-46FF-A5F0-674BCCC69343}.Release|Any CPU.Build.0 = Release|Any CPU
		{FB46824C-9C35-4F14-94A9-3F61EF865BFE}.Debug|Any CPU.ActiveCfg = Debug|Any CPU
		{FB46824C-9C35-4F14-94A9-3F61EF865BFE}.Debug|Any CPU.Build.0 = Debug|Any CPU
		{FB46824C-9C35-4F14-94A9-3F61EF865BFE}.Release|Any CPU.ActiveCfg = Release|Any CPU
		{FB46824C-9C35-4F14-94A9-3F61EF865BFE}.Release|Any CPU.Build.0 = Release|Any CPU
		{01BB7576-3308-41D9-9DC9-520002F31534}.Debug|Any CPU.ActiveCfg = Debug|Any CPU
		{01BB7576-3308-41D9-9DC9-520002F31534}.Debug|Any CPU.Build.0 = Debug|Any CPU
		{01BB7576-3308-41D9-9DC9-520002F31534}.Release|Any CPU.ActiveCfg = Release|Any CPU
		{01BB7576-3308-41D9-9DC9-520002F31534}.Release|Any CPU.Build.0 = Release|Any CPU
	EndGlobalSection
	GlobalSection(SolutionProperties) = preSolution
		HideSolutionNode = FALSE
	EndGlobalSection
	GlobalSection(ExtensibilityGlobals) = postSolution
		SolutionGuid = {420CDC05-3067-460A-8D52-507E2EDDD54B}
	EndGlobalSection
EndGlobal
